
Microsoft Visual Studio Solution File, Format Version 12.00
# Visual Studio Version 17
VisualStudioVersion = 17.4.33122.133
MinimumVisualStudioVersion = 10.0.40219.1
Project("{FAE04EC0-301F-11D3-BF4B-00C04F79EFBC}") = "EventAggregatorSample", "EventAggregatorSample\EventAggregatorSample.csproj", "{C135801F-3A6A-4572-BF4A-757DBB0E448B}"
EndProject
Global
	GlobalSection(SolutionConfigurationPlatforms) = preSolution
		Debug|Any CPU = Debug|Any CPU
		Release|Any CPU = Release|Any CPU
	EndGlobalSection
	GlobalSection(ProjectConfigurationPlatforms) = postSolution
		{C135801F-3A6A-4572-BF4A-757DBB0E448B}.Debug|Any CPU.ActiveCfg = Debug|Any CPU
		{C135801F-3A6A-4572-BF4A-757DBB0E448B}.Debug|Any CPU.Build.0 = Debug|Any CPU
		{C135801F-3A6A-4572-BF4A-757DBB0E448B}.Release|Any CPU.ActiveCfg = Release|Any CPU
		{C135801F-3A6A-4572-BF4A-757DBB0E448B}.Release|Any CPU.Build.0 = Release|Any CPU
	EndGlobalSection
	GlobalSection(SolutionProperties) = preSolution
		HideSolutionNode = FALSE
	EndGlobalSection
	GlobalSection(ExtensibilityGlobals) = postSolution
		SolutionGuid = {09DD392A-4DFE-4D1C-99F4-1F61B90718DA}
	EndGlobalSection
EndGlobal
